lockfileVersion: '9.0'

settings:
  autoInstallPeers: true
  excludeLinksFromLockfile: false

importers:

  .:
    dependencies:
      dayjs:
        specifier: ^1.11.13
        version: 1.11.13
    devDependencies:
      '@biomejs/biome':
        specifier: 1.9.4
        version: 1.9.4
      '@types/node':
        specifier: ^22.14.0
        version: 22.14.0
      '@types/webextension-polyfill':
        specifier: ^0.12.3
        version: 0.12.3
      git-cliff:
        specifier: ^2.8.0
        version: 2.8.0
      lefthook:
        specifier: ^1.11.6
        version: 1.11.6
      prettier:
        specifier: ^3.5.3
        version: 3.5.3
      typescript:
        specifier: ^5.8.2
        version: 5.8.2
      vite:
        specifier: ^6.2.6
        version: 6.2.6(@types/node@22.14.0)(terser@5.39.0)
      webextension-polyfill:
        specifier: ^0.12.0
        version: 0.12.0

packages:

  '@biomejs/biome@1.9.4':
    resolution: {integrity: sha512-1rkd7G70+o9KkTn5KLmDYXihGoTaIGO9PIIN2ZB7UJxFrWw04CZHPYiMRjYsaDvVV7hP1dYNRLxSANLaBFGpog==}
    engines: {node: '>=14.21.3'}
    hasBin: true

  '@biomejs/cli-darwin-arm64@1.9.4':
    resolution: {integrity: sha512-bFBsPWrNvkdKrNCYeAp+xo2HecOGPAy9WyNyB/jKnnedgzl4W4Hb9ZMzYNbf8dMCGmUdSavlYHiR01QaYR58cw==}
    engines: {node: '>=14.21.3'}
    cpu: [arm64]
    os: [darwin]

  '@biomejs/cli-darwin-x64@1.9.4':
    resolution: {integrity: sha512-ngYBh/+bEedqkSevPVhLP4QfVPCpb+4BBe2p7Xs32dBgs7rh9nY2AIYUL6BgLw1JVXV8GlpKmb/hNiuIxfPfZg==}
    engines: {node: '>=14.21.3'}
    cpu: [x64]
    os: [darwin]

  '@biomejs/cli-linux-arm64-musl@1.9.4':
    resolution: {integrity: sha512-v665Ct9WCRjGa8+kTr0CzApU0+XXtRgwmzIf1SeKSGAv+2scAlW6JR5PMFo6FzqqZ64Po79cKODKf3/AAmECqA==}
    engines: {node: '>=14.21.3'}
    cpu: [arm64]
    os: [linux]

  '@biomejs/cli-linux-arm64@1.9.4':
    resolution: {integrity: sha512-fJIW0+LYujdjUgJJuwesP4EjIBl/N/TcOX3IvIHJQNsAqvV2CHIogsmA94BPG6jZATS4Hi+xv4SkBBQSt1N4/g==}
    engines: {node: '>=14.21.3'}
    cpu: [arm64]
    os: [linux]

  '@biomejs/cli-linux-x64-musl@1.9.4':
    resolution: {integrity: sha512-gEhi/jSBhZ2m6wjV530Yy8+fNqG8PAinM3oV7CyO+6c3CEh16Eizm21uHVsyVBEB6RIM8JHIl6AGYCv6Q6Q9Tg==}
    engines: {node: '>=14.21.3'}
    cpu: [x64]
    os: [linux]

  '@biomejs/cli-linux-x64@1.9.4':
    resolution: {integrity: sha512-lRCJv/Vi3Vlwmbd6K+oQ0KhLHMAysN8lXoCI7XeHlxaajk06u7G+UsFSO01NAs5iYuWKmVZjmiOzJ0OJmGsMwg==}
    engines: {node: '>=14.21.3'}
    cpu: [x64]
    os: [linux]

  '@biomejs/cli-win32-arm64@1.9.4':
    resolution: {integrity: sha512-tlbhLk+WXZmgwoIKwHIHEBZUwxml7bRJgk0X2sPyNR3S93cdRq6XulAZRQJ17FYGGzWne0fgrXBKpl7l4M87Hg==}
    engines: {node: '>=14.21.3'}
    cpu: [arm64]
    os: [win32]

  '@biomejs/cli-win32-x64@1.9.4':
    resolution: {integrity: sha512-8Y5wMhVIPaWe6jw2H+KlEm4wP/f7EW3810ZLmDlrEEy5KvBsb9ECEfu/kMWD484ijfQ8+nIi0giMgu9g1UAuuA==}
    engines: {node: '>=14.21.3'}
    cpu: [x64]
    os: [win32]

  '@esbuild/aix-ppc64@0.25.2':
    resolution: {integrity: sha512-wCIboOL2yXZym2cgm6mlA742s9QeJ8DjGVaL39dLN4rRwrOgOyYSnOaFPhKZGLb2ngj4EyfAFjsNJwPXZvseag==}
    engines: {node: '>=18'}
    cpu: [ppc64]
    os: [aix]

  '@esbuild/android-arm64@0.25.2':
    resolution: {integrity: sha512-5ZAX5xOmTligeBaeNEPnPaeEuah53Id2tX4c2CVP3JaROTH+j4fnfHCkr1PjXMd78hMst+TlkfKcW/DlTq0i4w==}
    engines: {node: '>=18'}
    cpu: [arm64]
    os: [android]

  '@esbuild/android-arm@0.25.2':
    resolution: {integrity: sha512-NQhH7jFstVY5x8CKbcfa166GoV0EFkaPkCKBQkdPJFvo5u+nGXLEH/ooniLb3QI8Fk58YAx7nsPLozUWfCBOJA==}
    engines: {node: '>=18'}
    cpu: [arm]
    os: [android]

  '@esbuild/android-x64@0.25.2':
    resolution: {integrity: sha512-Ffcx+nnma8Sge4jzddPHCZVRvIfQ0kMsUsCMcJRHkGJ1cDmhe4SsrYIjLUKn1xpHZybmOqCWwB0zQvsjdEHtkg==}
    engines: {node: '>=18'}
    cpu: [x64]
    os: [android]

  '@esbuild/darwin-arm64@0.25.2':
    resolution: {integrity: sha512-MpM6LUVTXAzOvN4KbjzU/q5smzryuoNjlriAIx+06RpecwCkL9JpenNzpKd2YMzLJFOdPqBpuub6eVRP5IgiSA==}
    engines: {node: '>=18'}
    cpu: [arm64]
    os: [darwin]

  '@esbuild/darwin-x64@0.25.2':
    resolution: {integrity: sha512-5eRPrTX7wFyuWe8FqEFPG2cU0+butQQVNcT4sVipqjLYQjjh8a8+vUTfgBKM88ObB85ahsnTwF7PSIt6PG+QkA==}
    engines: {node: '>=18'}
    cpu: [x64]
    os: [darwin]

  '@esbuild/freebsd-arm64@0.25.2':
    resolution: {integrity: sha512-mLwm4vXKiQ2UTSX4+ImyiPdiHjiZhIaE9QvC7sw0tZ6HoNMjYAqQpGyui5VRIi5sGd+uWq940gdCbY3VLvsO1w==}
    engines: {node: '>=18'}
    cpu: [arm64]
    os: [freebsd]

  '@esbuild/freebsd-x64@0.25.2':
    resolution: {integrity: sha512-6qyyn6TjayJSwGpm8J9QYYGQcRgc90nmfdUb0O7pp1s4lTY+9D0H9O02v5JqGApUyiHOtkz6+1hZNvNtEhbwRQ==}
    engines: {node: '>=18'}
    cpu: [x64]
    os: [freebsd]

  '@esbuild/linux-arm64@0.25.2':
    resolution: {integrity: sha512-gq/sjLsOyMT19I8obBISvhoYiZIAaGF8JpeXu1u8yPv8BE5HlWYobmlsfijFIZ9hIVGYkbdFhEqC0NvM4kNO0g==}
    engines: {node: '>=18'}
    cpu: [arm64]
    os: [linux]

  '@esbuild/linux-arm@0.25.2':
    resolution: {integrity: sha512-UHBRgJcmjJv5oeQF8EpTRZs/1knq6loLxTsjc3nxO9eXAPDLcWW55flrMVc97qFPbmZP31ta1AZVUKQzKTzb0g==}
    engines: {node: '>=18'}
    cpu: [arm]
    os: [linux]

  '@esbuild/linux-ia32@0.25.2':
    resolution: {integrity: sha512-bBYCv9obgW2cBP+2ZWfjYTU+f5cxRoGGQ5SeDbYdFCAZpYWrfjjfYwvUpP8MlKbP0nwZ5gyOU/0aUzZ5HWPuvQ==}
    engines: {node: '>=18'}
    cpu: [ia32]
    os: [linux]

  '@esbuild/linux-loong64@0.25.2':
    resolution: {integrity: sha512-SHNGiKtvnU2dBlM5D8CXRFdd+6etgZ9dXfaPCeJtz+37PIUlixvlIhI23L5khKXs3DIzAn9V8v+qb1TRKrgT5w==}
    engines: {node: '>=18'}
    cpu: [loong64]
    os: [linux]

  '@esbuild/linux-mips64el@0.25.2':
    resolution: {integrity: sha512-hDDRlzE6rPeoj+5fsADqdUZl1OzqDYow4TB4Y/3PlKBD0ph1e6uPHzIQcv2Z65u2K0kpeByIyAjCmjn1hJgG0Q==}
    engines: {node: '>=18'}
    cpu: [mips64el]
    os: [linux]

  '@esbuild/linux-ppc64@0.25.2':
    resolution: {integrity: sha512-tsHu2RRSWzipmUi9UBDEzc0nLc4HtpZEI5Ba+Omms5456x5WaNuiG3u7xh5AO6sipnJ9r4cRWQB2tUjPyIkc6g==}
    engines: {node: '>=18'}
    cpu: [ppc64]
    os: [linux]

  '@esbuild/linux-riscv64@0.25.2':
    resolution: {integrity: sha512-k4LtpgV7NJQOml/10uPU0s4SAXGnowi5qBSjaLWMojNCUICNu7TshqHLAEbkBdAszL5TabfvQ48kK84hyFzjnw==}
    engines: {node: '>=18'}
    cpu: [riscv64]
    os: [linux]

  '@esbuild/linux-s390x@0.25.2':
    resolution: {integrity: sha512-GRa4IshOdvKY7M/rDpRR3gkiTNp34M0eLTaC1a08gNrh4u488aPhuZOCpkF6+2wl3zAN7L7XIpOFBhnaE3/Q8Q==}
    engines: {node: '>=18'}
    cpu: [s390x]
    os: [linux]

  '@esbuild/linux-x64@0.25.2':
    resolution: {integrity: sha512-QInHERlqpTTZ4FRB0fROQWXcYRD64lAoiegezDunLpalZMjcUcld3YzZmVJ2H/Cp0wJRZ8Xtjtj0cEHhYc/uUg==}
    engines: {node: '>=18'}
    cpu: [x64]
    os: [linux]

  '@esbuild/netbsd-arm64@0.25.2':
    resolution: {integrity: sha512-talAIBoY5M8vHc6EeI2WW9d/CkiO9MQJ0IOWX8hrLhxGbro/vBXJvaQXefW2cP0z0nQVTdQ/eNyGFV1GSKrxfw==}
    engines: {node: '>=18'}
    cpu: [arm64]
    os: [netbsd]

  '@esbuild/netbsd-x64@0.25.2':
    resolution: {integrity: sha512-voZT9Z+tpOxrvfKFyfDYPc4DO4rk06qamv1a/fkuzHpiVBMOhpjK+vBmWM8J1eiB3OLSMFYNaOaBNLXGChf5tg==}
    engines: {node: '>=18'}
    cpu: [x64]
    os: [netbsd]

  '@esbuild/openbsd-arm64@0.25.2':
    resolution: {integrity: sha512-dcXYOC6NXOqcykeDlwId9kB6OkPUxOEqU+rkrYVqJbK2hagWOMrsTGsMr8+rW02M+d5Op5NNlgMmjzecaRf7Tg==}
    engines: {node: '>=18'}
    cpu: [arm64]
    os: [openbsd]

  '@esbuild/openbsd-x64@0.25.2':
    resolution: {integrity: sha512-t/TkWwahkH0Tsgoq1Ju7QfgGhArkGLkF1uYz8nQS/PPFlXbP5YgRpqQR3ARRiC2iXoLTWFxc6DJMSK10dVXluw==}
    engines: {node: '>=18'}
    cpu: [x64]
    os: [openbsd]

  '@esbuild/sunos-x64@0.25.2':
    resolution: {integrity: sha512-cfZH1co2+imVdWCjd+D1gf9NjkchVhhdpgb1q5y6Hcv9TP6Zi9ZG/beI3ig8TvwT9lH9dlxLq5MQBBgwuj4xvA==}
    engines: {node: '>=18'}
    cpu: [x64]
    os: [sunos]

  '@esbuild/win32-arm64@0.25.2':
    resolution: {integrity: sha512-7Loyjh+D/Nx/sOTzV8vfbB3GJuHdOQyrOryFdZvPHLf42Tk9ivBU5Aedi7iyX+x6rbn2Mh68T4qq1SDqJBQO5Q==}
    engines: {node: '>=18'}
    cpu: [arm64]
    os: [win32]

  '@esbuild/win32-ia32@0.25.2':
    resolution: {integrity: sha512-WRJgsz9un0nqZJ4MfhabxaD9Ft8KioqU3JMinOTvobbX6MOSUigSBlogP8QB3uxpJDsFS6yN+3FDBdqE5lg9kg==}
    engines: {node: '>=18'}
    cpu: [ia32]
    os: [win32]

  '@esbuild/win32-x64@0.25.2':
    resolution: {integrity: sha512-kM3HKb16VIXZyIeVrM1ygYmZBKybX8N4p754bw390wGO3Tf2j4L2/WYL+4suWujpgf6GBYs3jv7TyUivdd05JA==}
    engines: {node: '>=18'}
    cpu: [x64]
    os: [win32]

  '@jridgewell/gen-mapping@0.3.8':
    resolution: {integrity: sha512-imAbBGkb+ebQyxKgzv5Hu2nmROxoDOXHh80evxdoXNOrvAnVx7zimzc1Oo5h9RlfV4vPXaE2iM5pOFbvOCClWA==}
    engines: {node: '>=6.0.0'}

  '@jridgewell/resolve-uri@3.1.2':
    resolution: {integrity: sha512-bRISgCIjP20/tbWSPWMEi54QVPRZExkuD9lJL+UIxUKtwVJA8wW1Trb1jMs1RFXo1CBTNZ/5hpC9QvmKWdopKw==}
    engines: {node: '>=6.0.0'}

  '@jridgewell/set-array@1.2.1':
    resolution: {integrity: sha512-R8gLRTZeyp03ymzP/6Lil/28tGeGEzhx1q2k703KGWRAI1VdvPIXdG70VJc2pAMw3NA6JKL5hhFu1sJX0Mnn/A==}
    engines: {node: '>=6.0.0'}

  '@jridgewell/source-map@0.3.6':
    resolution: {integrity: sha512-1ZJTZebgqllO79ue2bm3rIGud/bOe0pP5BjSRCRxxYkEZS8STV7zN84UBbiYu7jy+eCKSnVIUgoWWE/tt+shMQ==}

  '@jridgewell/sourcemap-codec@1.5.0':
    resolution: {integrity: sha512-gv3ZRaISU3fjPAgNsriBRqGWQL6quFx04YMPW/zD8XMLsU32mhCCbfbO6KZFLjvYpCZ8zyDEgqsgf+PwPaM7GQ==}

  '@jridgewell/trace-mapping@0.3.25':
    resolution: {integrity: sha512-vNk6aEwybGtawWmy/PzwnGDOjCkLWSD2wqvjGGAgOAwCGWySYXfYoxt00IJkTF+8Lb57DwOb3Aa0o9CApepiYQ==}

  '@rollup/rollup-android-arm-eabi@4.40.0':
    resolution: {integrity: sha512-+Fbls/diZ0RDerhE8kyC6hjADCXA1K4yVNlH0EYfd2XjyH0UGgzaQ8MlT0pCXAThfxv3QUAczHaL+qSv1E4/Cg==}
    cpu: [arm]
    os: [android]

  '@rollup/rollup-android-arm64@4.40.0':
    resolution: {integrity: sha512-PPA6aEEsTPRz+/4xxAmaoWDqh67N7wFbgFUJGMnanCFs0TV99M0M8QhhaSCks+n6EbQoFvLQgYOGXxlMGQe/6w==}
    cpu: [arm64]
    os: [android]

  '@rollup/rollup-darwin-arm64@4.40.0':
    resolution: {integrity: sha512-GwYOcOakYHdfnjjKwqpTGgn5a6cUX7+Ra2HeNj/GdXvO2VJOOXCiYYlRFU4CubFM67EhbmzLOmACKEfvp3J1kQ==}
    cpu: [arm64]
    os: [darwin]

  '@rollup/rollup-darwin-x64@4.40.0':
    resolution: {integrity: sha512-CoLEGJ+2eheqD9KBSxmma6ld01czS52Iw0e2qMZNpPDlf7Z9mj8xmMemxEucinev4LgHalDPczMyxzbq+Q+EtA==}
    cpu: [x64]
    os: [darwin]

  '@rollup/rollup-freebsd-arm64@4.40.0':
    resolution: {integrity: sha512-r7yGiS4HN/kibvESzmrOB/PxKMhPTlz+FcGvoUIKYoTyGd5toHp48g1uZy1o1xQvybwwpqpe010JrcGG2s5nkg==}
    cpu: [arm64]
    os: [freebsd]

  '@rollup/rollup-freebsd-x64@4.40.0':
    resolution: {integrity: sha512-mVDxzlf0oLzV3oZOr0SMJ0lSDd3xC4CmnWJ8Val8isp9jRGl5Dq//LLDSPFrasS7pSm6m5xAcKaw3sHXhBjoRw==}
    cpu: [x64]
    os: [freebsd]

  '@rollup/rollup-linux-arm-gnueabihf@4.40.0':
    resolution: {integrity: sha512-y/qUMOpJxBMy8xCXD++jeu8t7kzjlOCkoxxajL58G62PJGBZVl/Gwpm7JK9+YvlB701rcQTzjUZ1JgUoPTnoQA==}
    cpu: [arm]
    os: [linux]

  '@rollup/rollup-linux-arm-musleabihf@4.40.0':
    resolution: {integrity: sha512-GoCsPibtVdJFPv/BOIvBKO/XmwZLwaNWdyD8TKlXuqp0veo2sHE+A/vpMQ5iSArRUz/uaoj4h5S6Pn0+PdhRjg==}
    cpu: [arm]
    os: [linux]

  '@rollup/rollup-linux-arm64-gnu@4.40.0':
    resolution: {integrity: sha512-L5ZLphTjjAD9leJzSLI7rr8fNqJMlGDKlazW2tX4IUF9P7R5TMQPElpH82Q7eNIDQnQlAyiNVfRPfP2vM5Avvg==}
    cpu: [arm64]
    os: [linux]

  '@rollup/rollup-linux-arm64-musl@4.40.0':
    resolution: {integrity: sha512-ATZvCRGCDtv1Y4gpDIXsS+wfFeFuLwVxyUBSLawjgXK2tRE6fnsQEkE4csQQYWlBlsFztRzCnBvWVfcae/1qxQ==}
    cpu: [arm64]
    os: [linux]

  '@rollup/rollup-linux-loongarch64-gnu@4.40.0':
    resolution: {integrity: sha512-wG9e2XtIhd++QugU5MD9i7OnpaVb08ji3P1y/hNbxrQ3sYEelKJOq1UJ5dXczeo6Hj2rfDEL5GdtkMSVLa/AOg==}
    cpu: [loong64]
    os: [linux]

  '@rollup/rollup-linux-powerpc64le-gnu@4.40.0':
    resolution: {integrity: sha512-vgXfWmj0f3jAUvC7TZSU/m/cOE558ILWDzS7jBhiCAFpY2WEBn5jqgbqvmzlMjtp8KlLcBlXVD2mkTSEQE6Ixw==}
    cpu: [ppc64]
    os: [linux]

  '@rollup/rollup-linux-riscv64-gnu@4.40.0':
    resolution: {integrity: sha512-uJkYTugqtPZBS3Z136arevt/FsKTF/J9dEMTX/cwR7lsAW4bShzI2R0pJVw+hcBTWF4dxVckYh72Hk3/hWNKvA==}
    cpu: [riscv64]
    os: [linux]

  '@rollup/rollup-linux-riscv64-musl@4.40.0':
    resolution: {integrity: sha512-rKmSj6EXQRnhSkE22+WvrqOqRtk733x3p5sWpZilhmjnkHkpeCgWsFFo0dGnUGeA+OZjRl3+VYq+HyCOEuwcxQ==}
    cpu: [riscv64]
    os: [linux]

  '@rollup/rollup-linux-s390x-gnu@4.40.0':
    resolution: {integrity: sha512-SpnYlAfKPOoVsQqmTFJ0usx0z84bzGOS9anAC0AZ3rdSo3snecihbhFTlJZ8XMwzqAcodjFU4+/SM311dqE5Sw==}
    cpu: [s390x]
    os: [linux]

  '@rollup/rollup-linux-x64-gnu@4.40.0':
    resolution: {integrity: sha512-RcDGMtqF9EFN8i2RYN2W+64CdHruJ5rPqrlYw+cgM3uOVPSsnAQps7cpjXe9be/yDp8UC7VLoCoKC8J3Kn2FkQ==}
    cpu: [x64]
    os: [linux]

  '@rollup/rollup-linux-x64-musl@4.40.0':
    resolution: {integrity: sha512-HZvjpiUmSNx5zFgwtQAV1GaGazT2RWvqeDi0hV+AtC8unqqDSsaFjPxfsO6qPtKRRg25SisACWnJ37Yio8ttaw==}
    cpu: [x64]
    os: [linux]

  '@rollup/rollup-win32-arm64-msvc@4.40.0':
    resolution: {integrity: sha512-UtZQQI5k/b8d7d3i9AZmA/t+Q4tk3hOC0tMOMSq2GlMYOfxbesxG4mJSeDp0EHs30N9bsfwUvs3zF4v/RzOeTQ==}
    cpu: [arm64]
    os: [win32]

  '@rollup/rollup-win32-ia32-msvc@4.40.0':
    resolution: {integrity: sha512-+m03kvI2f5syIqHXCZLPVYplP8pQch9JHyXKZ3AGMKlg8dCyr2PKHjwRLiW53LTrN/Nc3EqHOKxUxzoSPdKddA==}
    cpu: [ia32]
    os: [win32]

  '@rollup/rollup-win32-x64-msvc@4.40.0':
    resolution: {integrity: sha512-lpPE1cLfP5oPzVjKMx10pgBmKELQnFJXHgvtHCtuJWOv8MxqdEIMNtgHgBFf7Ea2/7EuVwa9fodWUfXAlXZLZQ==}
    cpu: [x64]
    os: [win32]

  '@types/estree@1.0.7':
    resolution: {integrity: sha512-w28IoSUCJpidD/TGviZwwMJckNESJZXFu7NBZ5YJ4mEUnNraUn9Pm8HSZm/jDF1pDWYKspWE7oVphigUPRakIQ==}

  '@types/node@22.14.0':
    resolution: {integrity: sha512-Kmpl+z84ILoG+3T/zQFyAJsU6EPTmOCj8/2+83fSN6djd6I4o7uOuGIH6vq3PrjY5BGitSbFuMN18j3iknubbA==}

  '@types/webextension-polyfill@0.12.3':
    resolution: {integrity: sha512-F58aDVSeN/MjUGazXo/cPsmR76EvqQhQ1v4x23hFjUX0cfAJYE+JBWwiOGW36/VJGGxoH74sVlRIF3z7SJCKyg==}

  acorn@8.14.1:
    resolution: {integrity: sha512-OvQ/2pUDKmgfCg++xsTX1wGxfTaszcHVcTctW4UJB4hibJx2HXxxO5UmVgyjMa+ZDsiaf5wWLXYpRWMmBI0QHg==}
    engines: {node: '>=0.4.0'}
    hasBin: true

  buffer-from@1.1.2:
    resolution: {integrity: sha512-E+XQCRwSbaaiChtv6k6Dwgc+bx+Bs6vuKJHHl5kox/BaKbhiXzqQOwK4cO22yElGp2OCmjwVhT3HmxgyPGnJfQ==}

  commander@2.20.3:
    resolution: {integrity: sha512-GpVkmM8vF2vQUkj2LvZmD35JxeJOLCwJ9cUkugyk2nuhbv3+mJvpLYYt+0+USMxE+oj+ey/lJEnhZw75x/OMcQ==}

  cross-spawn@7.0.6:
    resolution: {integrity: sha512-uV2QOWP2nWzsy2aMp8aRibhi9dlzF5Hgh5SHaB9OiTGEyDTiJJyx0uy51QXdyWbtAHNua4XJzUKca3OzKUd3vA==}
    engines: {node: '>= 8'}

  dayjs@1.11.13:
    resolution: {integrity: sha512-oaMBel6gjolK862uaPQOVTA7q3TZhuSvuMQAAglQDOWYO9A91IrAOUJEyKVlqJlHE0vq5p5UXxzdPfMH/x6xNg==}

  esbuild@0.25.2:
    resolution: {integrity: sha512-16854zccKPnC+toMywC+uKNeYSv+/eXkevRAfwRD/G9Cleq66m8XFIrigkbvauLLlCfDL45Q2cWegSg53gGBnQ==}
    engines: {node: '>=18'}
    hasBin: true

  execa@8.0.1:
    resolution: {integrity: sha512-VyhnebXciFV2DESc+p6B+y0LjSm0krU4OgJN44qFAhBY0TJ+1V61tYD2+wHusZ6F9n5K+vl8k0sTy7PEfV4qpg==}
    engines: {node: '>=16.17'}

  fsevents@2.3.3:
    resolution: {integrity: sha512-5xoDfX+fL7faATnagmWPpbFtwh/R77WmMMqqHGS65C3vvB0YHrgF+B1YmZ3441tMj5n63k0212XNoJwzlhffQw==}
    engines: {node: ^8.16.0 || ^10.6.0 || >=11.0.0}
    os: [darwin]

  get-stream@8.0.1:
    resolution: {integrity: sha512-VaUJspBffn/LMCJVoMvSAdmscJyS1auj5Zulnn5UoYcY531UWmdwhRWkcGKnGU93m5HSXP9LP2usOryrBtQowA==}
    engines: {node: '>=16'}

  git-cliff-darwin-arm64@2.8.0:
    resolution: {integrity: sha512-rurUV2d1Z2n+c2+wUrO0gZaFb3c1G+ej0bPfKTPfde/CblxiysMkh+4dz23NrVbc8IlS5rSYv/JFGVaVSBNJRw==}
    cpu: [arm64]
    os: [darwin]

  git-cliff-darwin-x64@2.8.0:
    resolution: {integrity: sha512-Wtj+FGWZBWmeYUAGlkfz7QPz4+VVxxDPMhQ/7iwKVA3iryIX0slGfzYpqMurEFnTAMr0r+4IU3Q4O/ib7iUscg==}
    cpu: [x64]
    os: [darwin]

  git-cliff-linux-arm64@2.8.0:
    resolution: {integrity: sha512-k4RdfMdORXyefznWlQb+7wDgo7XgQF9qg8hJC34bwyJK2sODirrGau3uTx1/9Fi37g+pAOM7wM+LYppHCTZ2bQ==}
    cpu: [arm64]
    os: [linux]

  git-cliff-linux-x64@2.8.0:
    resolution: {integrity: sha512-FcWX4GHgodYrQlZR03fzooanStgR03JNWvyaMQB1asplQ18nlziK2UyA+PESCIxOQmeLXauqoCApfzmdtp5myg==}
    cpu: [x64]
    os: [linux]

  git-cliff-windows-arm64@2.8.0:
    resolution: {integrity: sha512-GJSrqmBVTbMtBJI3/YCDxLviZZDgYgnKqYgquBk2u2AELAnnuWFnVFQ7ZEBUqgFF2UJu9EdV2Nv6MV8d/wnP0g==}
    cpu: [arm64]
    os: [win32]

  git-cliff-windows-x64@2.8.0:
    resolution: {integrity: sha512-8jl0YMXPYjUmVygUEeQ4wf1zte3Rv8LPq1sIklUKl80XE4g2Gm/8EIWbKpUPLQH6IncRwepY6VuMgpVpPXbwNw==}
    cpu: [x64]
    os: [win32]

  git-cliff@2.8.0:
    resolution: {integrity: sha512-iKF5QTXAb9+iVvmu5HpnMPWYw7fs74xkpAaRbSf29+dZaMTTNRIUST/y+Ir2S1bDUWWJNjXlwT9ZT62JuYLQnA==}
    engines: {node: '>=18.19 || >=20.6 || >=21'}
    hasBin: true

  human-signals@5.0.0:
    resolution: {integrity: sha512-AXcZb6vzzrFAUE61HnN4mpLqd/cSIwNQjtNWR0euPm6y0iqx3G4gOXaIDdtdDwZmhwe82LA6+zinmW4UBWVePQ==}
    engines: {node: '>=16.17.0'}

  is-stream@3.0.0:
    resolution: {integrity: sha512-LnQR4bZ9IADDRSkvpqMGvt/tEJWclzklNgSw48V5EAaAeDd6qGvN8ei6k5p0tvxSR171VmGyHuTiAOfxAbr8kA==}
    engines: {node: ^12.20.0 || ^14.13.1 || >=16.0.0}

  isexe@2.0.0:
    resolution: {integrity: sha512-RHxMLp9lnKHGHRng9QFhRCMbYAcVpn69smSGcq3f36xjgVVWThj4qqLbTLlq7Ssj8B+fIQ1EuCEGI2lKsyQeIw==}

  lefthook-darwin-arm64@1.11.6:
    resolution: {integrity: sha512-gWgdWrKgZgX+bKc6Vs/x7JkO+58lLOpRzpteLx//82D0MKVPlNZwjd4zz4AbIBXtM4Hcj+6gSsOzQ7QDXxjVvQ==}
    cpu: [arm64]
    os: [darwin]

  lefthook-darwin-x64@1.11.6:
    resolution: {integrity: sha512-Ia0TjTKuYcSaDTuoCnbWtpPZ2VEoKzgn33OB90VjNaSVs4ooE0PIdpO+w00x1elqIaf1pbrpq6HgeB26Du8KbQ==}
    cpu: [x64]
    os: [darwin]

  lefthook-freebsd-arm64@1.11.6:
    resolution: {integrity: sha512-PxIwj+hmjLahyzEmcIfalIBDhgklAQCavwM4sGCgbzDi4/+VQX+4aEs4pQqtd7v3aohmjtO/4n2emzTI8donww==}
    cpu: [arm64]
    os: [freebsd]

  lefthook-freebsd-x64@1.11.6:
    resolution: {integrity: sha512-3o1lMKxz1VtWaP/o117wgUn3ZOpefMoSf+8LuiTzI3/PDprIuzgyw2nXKlBZAMDpNPHMNnJeQNts9XLMRmkldg==}
    cpu: [x64]
    os: [freebsd]

  lefthook-linux-arm64@1.11.6:
    resolution: {integrity: sha512-nKPFZ5cA9f5tVn0ybDVqcXXlpTHZqo05N4KQRhWTj5Nem+JoD2YzJIlvZhdJhUrldERqj6deDMXChH5T3z4Rrw==}
    cpu: [arm64]
    os: [linux]

  lefthook-linux-x64@1.11.6:
    resolution: {integrity: sha512-naN8dllLCOEeP+wznLnq+oXrs1dvt/iMLkcl+pOPWLqFccPfDiHzr8V8GslaTa+rSFsAnvjR7SJIOi5C29xedA==}
    cpu: [x64]
    os: [linux]

  lefthook-openbsd-arm64@1.11.6:
    resolution: {integrity: sha512-dPxhJfYQ667T+U3pz1+O3mTRNHzXH/BvPlXSH+oy8uiSry4AtVNRXkVvXPUcpLlrAy6HuFYodsrpCIlWFeYwiQ==}
    cpu: [arm64]
    os: [openbsd]

  lefthook-openbsd-x64@1.11.6:
    resolution: {integrity: sha512-9D26kcSsjiW4D0AuVDdi+0ZqrsOzRWOpMS/kcUbLfrU99yCvma0rMTqKbbDMkVur/znS7qL53oGahXCXDNA+IQ==}
    cpu: [x64]
    os: [openbsd]

  lefthook-windows-arm64@1.11.6:
    resolution: {integrity: sha512-xdCenr4+BFnfBEhiXj6GJp02EPmcwTAGa7NYm6hVTfDwGXw24tuLv7lpnGjgK3kovN6EukgLH1FYkeyDOBEMnA==}
    cpu: [arm64]
    os: [win32]

  lefthook-windows-x64@1.11.6:
    resolution: {integrity: sha512-Fg2GzLhzeDV/GX8+ydrI0wBOytQWpPkNdngx+a8B/feCDbwjAiFklDG5oV4ytuWrtg1JPEEWLJd6nHefj4wtHA==}
    cpu: [x64]
    os: [win32]

  lefthook@1.11.6:
    resolution: {integrity: sha512-j0VmMM50WlPDassmgvapRum9po29Tv1BXzBNFpzGkk9E91CEG9jKik/OHyH/r/na+q8qNIUUyPL6QQuTN/UhQQ==}
    hasBin: true

  merge-stream@2.0.0:
    resolution: {integrity: sha512-abv/qOcuPfk3URPfDzmZU1LKmuw8kT+0nIHvKrKgFrwifol/doWcdA4ZqsWQ8ENrFKkd67Mfpo/LovbIUsbt3w==}

  mimic-fn@4.0.0:
    resolution: {integrity: sha512-vqiC06CuhBTUdZH+RYl8sFrL096vA45Ok5ISO6sE/Mr1jRbGH4Csnhi8f3wKVl7x8mO4Au7Ir9D3Oyv1VYMFJw==}
    engines: {node: '>=12'}

  nanoid@3.3.11:
    resolution: {integrity: sha512-N8SpfPUnUp1bK+PMYW8qSWdl9U+wwNWI4QKxOYDy9JAro3WMX7p2OeVRF9v+347pnakNevPmiHhNmZ2HbFA76w==}
    engines: {node: ^10 || ^12 || ^13.7 || ^14 || >=15.0.1}
    hasBin: true

  npm-run-path@5.3.0:
    resolution: {integrity: sha512-ppwTtiJZq0O/ai0z7yfudtBpWIoxM8yE6nHi1X47eFR2EWORqfbu6CnPlNsjeN683eT0qG6H/Pyf9fCcvjnnnQ==}
    engines: {node: ^12.20.0 || ^14.13.1 || >=16.0.0}

  onetime@6.0.0:
    resolution: {integrity: sha512-1FlR+gjXK7X+AsAHso35MnyN5KqGwJRi/31ft6x0M194ht7S+rWAvd7PHss9xSKMzE0asv1pyIHaJYq+BbacAQ==}
    engines: {node: '>=12'}

  path-key@3.1.1:
    resolution: {integrity: sha512-ojmeN0qd+y0jszEtoY48r0Peq5dwMEkIlCOu6Q5f41lfkswXuKtYrhgoTpLnyIcHm24Uhqx+5Tqm2InSwLhE6Q==}
    engines: {node: '>=8'}

  path-key@4.0.0:
    resolution: {integrity: sha512-haREypq7xkM7ErfgIyA0z+Bj4AGKlMSdlQE2jvJo6huWD1EdkKYV+G/T4nq0YEF2vgTT8kqMFKo1uHn950r4SQ==}
    engines: {node: '>=12'}

  picocolors@1.1.1:
    resolution: {integrity: sha512-xceH2snhtb5M9liqDsmEw56le376mTZkEX/jEb/RxNFyegNul7eNslCXP9FDj/Lcu0X8KEyMceP2ntpaHrDEVA==}

  postcss@8.5.3:
    resolution: {integrity: sha512-dle9A3yYxlBSrt8Fu+IpjGT8SY8hN0mlaA6GY8t0P5PjIOZemULz/E2Bnm/2dcUOena75OTNkHI76uZBNUUq3A==}
    engines: {node: ^10 || ^12 || >=14}

  prettier@3.5.3:
    resolution: {integrity: sha512-QQtaxnoDJeAkDvDKWCLiwIXkTgRhwYDEQCghU9Z6q03iyek/rxRh/2lC3HB7P8sWT2xC/y5JDctPLBIGzHKbhw==}
    engines: {node: '>=14'}
    hasBin: true

  rollup@4.40.0:
    resolution: {integrity: sha512-Noe455xmA96nnqH5piFtLobsGbCij7Tu+tb3c1vYjNbTkfzGqXqQXG3wJaYXkRZuQ0vEYN4bhwg7QnIrqB5B+w==}
    engines: {node: '>=18.0.0', npm: '>=8.0.0'}
    hasBin: true

  shebang-command@2.0.0:
    resolution: {integrity: sha512-kHxr2zZpYtdmrN1qDjrrX/Z1rR1kG8Dx+gkpK1G4eXmvXswmcE1hTWBWYUzlraYw1/yZp6YuDY77YtvbN0dmDA==}
    engines: {node: '>=8'}

  shebang-regex@3.0.0:
    resolution: {integrity: sha512-7++dFhtcx3353uBaq8DDR4NuxBetBzC7ZQOhmTQInHEd6bSrXdiEyzCvG07Z44UYdLShWUyXt5M/yhz8ekcb1A==}
    engines: {node: '>=8'}

  signal-exit@4.1.0:
    resolution: {integrity: sha512-bzyZ1e88w9O1iNJbKnOlvYTrWPDl46O1bG0D3XInv+9tkPrxrN8jUUTiFlDkkmKWgn1M6CfIA13SuGqOa9Korw==}
    engines: {node: '>=14'}

  source-map-js@1.2.1:
    resolution: {integrity: sha512-UXWMKhLOwVKb728IUtQPXxfYU+usdybtUrK/8uGE8CQMvrhOpwvzDBwj0QhSL7MQc7vIsISBG8VQ8+IDQxpfQA==}
    engines: {node: '>=0.10.0'}

  source-map-support@0.5.21:
    resolution: {integrity: sha512-uBHU3L3czsIyYXKX88fdrGovxdSCoTGDRZ6SYXtSRxLZUzHg5P/66Ht6uoUlHu9EZod+inXhKo3qQgwXUT/y1w==}

  source-map@0.6.1:
    resolution: {integrity: sha512-UjgapumWlbMhkBgzT7Ykc5YXUT46F0iKu8SGXq0bcwP5dz/h0Plj6enJqjz1Zbq2l5WaqYnrVbwWOWMyF3F47g==}
    engines: {node: '>=0.10.0'}

  strip-final-newline@3.0.0:
    resolution: {integrity: sha512-dOESqjYr96iWYylGObzd39EuNTa5VJxyvVAEm5Jnh7KGo75V43Hk1odPQkNDyXNmUR6k+gEiDVXnjB8HJ3crXw==}
    engines: {node: '>=12'}

  terser@5.39.0:
    resolution: {integrity: sha512-LBAhFyLho16harJoWMg/nZsQYgTrg5jXOn2nCYjRUcZZEdE3qa2zb8QEDRUGVZBW4rlazf2fxkg8tztybTaqWw==}
    engines: {node: '>=10'}
    hasBin: true

  typescript@5.8.2:
    resolution: {integrity: sha512-aJn6wq13/afZp/jT9QZmwEjDqqvSGp1VT5GVg+f/t6/oVyrgXM6BY1h9BRh/O5p3PlUPAe+WuiEZOmb/49RqoQ==}
    engines: {node: '>=14.17'}
    hasBin: true

  undici-types@6.21.0:
    resolution: {integrity: sha512-iwDZqg0QAGrg9Rav5H4n0M64c3mkR59cJ6wQp+7C4nI0gsmExaedaYLNO44eT4AtBBwjbTiGPMlt2Md0T9H9JQ==}

  vite@6.2.6:
    resolution: {integrity: sha512-9xpjNl3kR4rVDZgPNdTL0/c6ao4km69a/2ihNQbcANz8RuCOK3hQBmLSJf3bRKVQjVMda+YvizNE8AwvogcPbw==}
    engines: {node: ^18.0.0 || ^20.0.0 || >=22.0.0}
    hasBin: true
    peerDependencies:
      '@types/node': ^18.0.0 || ^20.0.0 || >=22.0.0
      jiti: '>=1.21.0'
      less: '*'
      lightningcss: ^1.21.0
      sass: '*'
      sass-embedded: '*'
      stylus: '*'
      sugarss: '*'
      terser: ^5.16.0
      tsx: ^4.8.1
      yaml: ^2.4.2
    peerDependenciesMeta:
      '@types/node':
        optional: true
      jiti:
        optional: true
      less:
        optional: true
      lightningcss:
        optional: true
      sass:
        optional: true
      sass-embedded:
        optional: true
      stylus:
        optional: true
      sugarss:
        optional: true
      terser:
        optional: true
      tsx:
        optional: true
      yaml:
        optional: true

  webextension-polyfill@0.12.0:
    resolution: {integrity: sha512-97TBmpoWJEE+3nFBQ4VocyCdLKfw54rFaJ6EVQYLBCXqCIpLSZkwGgASpv4oPt9gdKCJ80RJlcmNzNn008Ag6Q==}

  which@2.0.2:
    resolution: {integrity: sha512-BLI3Tl1TW3Pvl70l3yq3Y64i+awpwXqsGBYWkkqMtnbXgrMD+yj7rhW0kuEDxzJaYXGjEW5ogapKNMEKNMjibA==}
    engines: {node: '>= 8'}
    hasBin: true

snapshots:

  '@biomejs/biome@1.9.4':
    optionalDependencies:
      '@biomejs/cli-darwin-arm64': 1.9.4
      '@biomejs/cli-darwin-x64': 1.9.4
      '@biomejs/cli-linux-arm64': 1.9.4
      '@biomejs/cli-linux-arm64-musl': 1.9.4
      '@biomejs/cli-linux-x64': 1.9.4
      '@biomejs/cli-linux-x64-musl': 1.9.4
      '@biomejs/cli-win32-arm64': 1.9.4
      '@biomejs/cli-win32-x64': 1.9.4

  '@biomejs/cli-darwin-arm64@1.9.4':
    optional: true

  '@biomejs/cli-darwin-x64@1.9.4':
    optional: true

  '@biomejs/cli-linux-arm64-musl@1.9.4':
    optional: true

  '@biomejs/cli-linux-arm64@1.9.4':
    optional: true

  '@biomejs/cli-linux-x64-musl@1.9.4':
    optional: true

  '@biomejs/cli-linux-x64@1.9.4':
    optional: true

  '@biomejs/cli-win32-arm64@1.9.4':
    optional: true

  '@biomejs/cli-win32-x64@1.9.4':
    optional: true

  '@esbuild/aix-ppc64@0.25.2':
    optional: true

  '@esbuild/android-arm64@0.25.2':
    optional: true

  '@esbuild/android-arm@0.25.2':
    optional: true

  '@esbuild/android-x64@0.25.2':
    optional: true

  '@esbuild/darwin-arm64@0.25.2':
    optional: true

  '@esbuild/darwin-x64@0.25.2':
    optional: true

  '@esbuild/freebsd-arm64@0.25.2':
    optional: true

  '@esbuild/freebsd-x64@0.25.2':
    optional: true

  '@esbuild/linux-arm64@0.25.2':
    optional: true

  '@esbuild/linux-arm@0.25.2':
    optional: true

  '@esbuild/linux-ia32@0.25.2':
    optional: true

  '@esbuild/linux-loong64@0.25.2':
    optional: true

  '@esbuild/linux-mips64el@0.25.2':
    optional: true

  '@esbuild/linux-ppc64@0.25.2':
    optional: true

  '@esbuild/linux-riscv64@0.25.2':
    optional: true

  '@esbuild/linux-s390x@0.25.2':
    optional: true

  '@esbuild/linux-x64@0.25.2':
    optional: true

  '@esbuild/netbsd-arm64@0.25.2':
    optional: true

  '@esbuild/netbsd-x64@0.25.2':
    optional: true

  '@esbuild/openbsd-arm64@0.25.2':
    optional: true

  '@esbuild/openbsd-x64@0.25.2':
    optional: true

  '@esbuild/sunos-x64@0.25.2':
    optional: true

  '@esbuild/win32-arm64@0.25.2':
    optional: true

  '@esbuild/win32-ia32@0.25.2':
    optional: true

  '@esbuild/win32-x64@0.25.2':
    optional: true

  '@jridgewell/gen-mapping@0.3.8':
    dependencies:
      '@jridgewell/set-array': 1.2.1
      '@jridgewell/sourcemap-codec': 1.5.0
      '@jridgewell/trace-mapping': 0.3.25
    optional: true

  '@jridgewell/resolve-uri@3.1.2':
    optional: true

  '@jridgewell/set-array@1.2.1':
    optional: true

  '@jridgewell/source-map@0.3.6':
    dependencies:
      '@jridgewell/gen-mapping': 0.3.8
      '@jridgewell/trace-mapping': 0.3.25
    optional: true

  '@jridgewell/sourcemap-codec@1.5.0':
    optional: true

  '@jridgewell/trace-mapping@0.3.25':
    dependencies:
      '@jridgewell/resolve-uri': 3.1.2
      '@jridgewell/sourcemap-codec': 1.5.0
    optional: true

  '@rollup/rollup-android-arm-eabi@4.40.0':
    optional: true

  '@rollup/rollup-android-arm64@4.40.0':
    optional: true

  '@rollup/rollup-darwin-arm64@4.40.0':
    optional: true

  '@rollup/rollup-darwin-x64@4.40.0':
    optional: true

  '@rollup/rollup-freebsd-arm64@4.40.0':
    optional: true

  '@rollup/rollup-freebsd-x64@4.40.0':
    optional: true

  '@rollup/rollup-linux-arm-gnueabihf@4.40.0':
    optional: true

  '@rollup/rollup-linux-arm-musleabihf@4.40.0':
    optional: true

  '@rollup/rollup-linux-arm64-gnu@4.40.0':
    optional: true

  '@rollup/rollup-linux-arm64-musl@4.40.0':
    optional: true

  '@rollup/rollup-linux-loongarch64-gnu@4.40.0':
    optional: true

  '@rollup/rollup-linux-powerpc64le-gnu@4.40.0':
    optional: true

  '@rollup/rollup-linux-riscv64-gnu@4.40.0':
    optional: true

  '@rollup/rollup-linux-riscv64-musl@4.40.0':
    optional: true

  '@rollup/rollup-linux-s390x-gnu@4.40.0':
    optional: true

  '@rollup/rollup-linux-x64-gnu@4.40.0':
    optional: true

  '@rollup/rollup-linux-x64-musl@4.40.0':
    optional: true

  '@rollup/rollup-win32-arm64-msvc@4.40.0':
    optional: true

  '@rollup/rollup-win32-ia32-msvc@4.40.0':
    optional: true

  '@rollup/rollup-win32-x64-msvc@4.40.0':
    optional: true

  '@types/estree@1.0.7': {}

  '@types/node@22.14.0':
    dependencies:
      undici-types: 6.21.0

  '@types/webextension-polyfill@0.12.3': {}

  acorn@8.14.1:
    optional: true

  buffer-from@1.1.2:
    optional: true

  commander@2.20.3:
    optional: true

  cross-spawn@7.0.6:
    dependencies:
      path-key: 3.1.1
      shebang-command: 2.0.0
      which: 2.0.2

  dayjs@1.11.13: {}

  esbuild@0.25.2:
    optionalDependencies:
      '@esbuild/aix-ppc64': 0.25.2
      '@esbuild/android-arm': 0.25.2
      '@esbuild/android-arm64': 0.25.2
      '@esbuild/android-x64': 0.25.2
      '@esbuild/darwin-arm64': 0.25.2
      '@esbuild/darwin-x64': 0.25.2
      '@esbuild/freebsd-arm64': 0.25.2
      '@esbuild/freebsd-x64': 0.25.2
      '@esbuild/linux-arm': 0.25.2
      '@esbuild/linux-arm64': 0.25.2
      '@esbuild/linux-ia32': 0.25.2
      '@esbuild/linux-loong64': 0.25.2
      '@esbuild/linux-mips64el': 0.25.2
      '@esbuild/linux-ppc64': 0.25.2
      '@esbuild/linux-riscv64': 0.25.2
      '@esbuild/linux-s390x': 0.25.2
      '@esbuild/linux-x64': 0.25.2
      '@esbuild/netbsd-arm64': 0.25.2
      '@esbuild/netbsd-x64': 0.25.2
      '@esbuild/openbsd-arm64': 0.25.2
      '@esbuild/openbsd-x64': 0.25.2
      '@esbuild/sunos-x64': 0.25.2
      '@esbuild/win32-arm64': 0.25.2
      '@esbuild/win32-ia32': 0.25.2
      '@esbuild/win32-x64': 0.25.2

  execa@8.0.1:
    dependencies:
      cross-spawn: 7.0.6
      get-stream: 8.0.1
      human-signals: 5.0.0
      is-stream: 3.0.0
      merge-stream: 2.0.0
      npm-run-path: 5.3.0
      onetime: 6.0.0
      signal-exit: 4.1.0
      strip-final-newline: 3.0.0

  fsevents@2.3.3:
    optional: true

  get-stream@8.0.1: {}

  git-cliff-darwin-arm64@2.8.0:
    optional: true

  git-cliff-darwin-x64@2.8.0:
    optional: true

  git-cliff-linux-arm64@2.8.0:
    optional: true

  git-cliff-linux-x64@2.8.0:
    optional: true

  git-cliff-windows-arm64@2.8.0:
    optional: true

  git-cliff-windows-x64@2.8.0:
    optional: true

  git-cliff@2.8.0:
    dependencies:
      execa: 8.0.1
    optionalDependencies:
      git-cliff-darwin-arm64: 2.8.0
      git-cliff-darwin-x64: 2.8.0
      git-cliff-linux-arm64: 2.8.0
      git-cliff-linux-x64: 2.8.0
      git-cliff-windows-arm64: 2.8.0
      git-cliff-windows-x64: 2.8.0

  human-signals@5.0.0: {}

  is-stream@3.0.0: {}

  isexe@2.0.0: {}

  lefthook-darwin-arm64@1.11.6:
    optional: true

  lefthook-darwin-x64@1.11.6:
    optional: true

  lefthook-freebsd-arm64@1.11.6:
    optional: true

  lefthook-freebsd-x64@1.11.6:
    optional: true

  lefthook-linux-arm64@1.11.6:
    optional: true

  lefthook-linux-x64@1.11.6:
    optional: true

  lefthook-openbsd-arm64@1.11.6:
    optional: true

  lefthook-openbsd-x64@1.11.6:
    optional: true

  lefthook-windows-arm64@1.11.6:
    optional: true

  lefthook-windows-x64@1.11.6:
    optional: true

  lefthook@1.11.6:
    optionalDependencies:
      lefthook-darwin-arm64: 1.11.6
      lefthook-darwin-x64: 1.11.6
      lefthook-freebsd-arm64: 1.11.6
      lefthook-freebsd-x64: 1.11.6
      lefthook-linux-arm64: 1.11.6
      lefthook-linux-x64: 1.11.6
      lefthook-openbsd-arm64: 1.11.6
      lefthook-openbsd-x64: 1.11.6
      lefthook-windows-arm64: 1.11.6
      lefthook-windows-x64: 1.11.6

  merge-stream@2.0.0: {}

  mimic-fn@4.0.0: {}

  nanoid@3.3.11: {}

  npm-run-path@5.3.0:
    dependencies:
      path-key: 4.0.0

  onetime@6.0.0:
    dependencies:
      mimic-fn: 4.0.0

  path-key@3.1.1: {}

  path-key@4.0.0: {}

  picocolors@1.1.1: {}

  postcss@8.5.3:
    dependencies:
      nanoid: 3.3.11
      picocolors: 1.1.1
      source-map-js: 1.2.1

  prettier@3.5.3: {}

  rollup@4.40.0:
    dependencies:
      '@types/estree': 1.0.7
    optionalDependencies:
      '@rollup/rollup-android-arm-eabi': 4.40.0
      '@rollup/rollup-android-arm64': 4.40.0
      '@rollup/rollup-darwin-arm64': 4.40.0
      '@rollup/rollup-darwin-x64': 4.40.0
      '@rollup/rollup-freebsd-arm64': 4.40.0
      '@rollup/rollup-freebsd-x64': 4.40.0
      '@rollup/rollup-linux-arm-gnueabihf': 4.40.0
      '@rollup/rollup-linux-arm-musleabihf': 4.40.0
      '@rollup/rollup-linux-arm64-gnu': 4.40.0
      '@rollup/rollup-linux-arm64-musl': 4.40.0
      '@rollup/rollup-linux-loongarch64-gnu': 4.40.0
      '@rollup/rollup-linux-powerpc64le-gnu': 4.40.0
      '@rollup/rollup-linux-riscv64-gnu': 4.40.0
      '@rollup/rollup-linux-riscv64-musl': 4.40.0
      '@rollup/rollup-linux-s390x-gnu': 4.40.0
      '@rollup/rollup-linux-x64-gnu': 4.40.0
      '@rollup/rollup-linux-x64-musl': 4.40.0
      '@rollup/rollup-win32-arm64-msvc': 4.40.0
      '@rollup/rollup-win32-ia32-msvc': 4.40.0
      '@rollup/rollup-win32-x64-msvc': 4.40.0
      fsevents: 2.3.3

  shebang-command@2.0.0:
    dependencies:
      shebang-regex: 3.0.0

  shebang-regex@3.0.0: {}

  signal-exit@4.1.0: {}

  source-map-js@1.2.1: {}

  source-map-support@0.5.21:
    dependencies:
      buffer-from: 1.1.2
      source-map: 0.6.1
    optional: true

  source-map@0.6.1:
    optional: true

  strip-final-newline@3.0.0: {}

  terser@5.39.0:
    dependencies:
      '@jridgewell/source-map': 0.3.6
      acorn: 8.14.1
      commander: 2.20.3
      source-map-support: 0.5.21
    optional: true

  typescript@5.8.2: {}

  undici-types@6.21.0: {}

  vite@6.2.6(@types/node@22.14.0)(terser@5.39.0):
    dependencies:
      esbuild: 0.25.2
      postcss: 8.5.3
      rollup: 4.40.0
    optionalDependencies:
      '@types/node': 22.14.0
      fsevents: 2.3.3
      terser: 5.39.0

  webextension-polyfill@0.12.0: {}

  which@2.0.2:
    dependencies:
      isexe: 2.0.0
